
Microsoft Visual Studio Solution File, Format Version 12.00
# Visual Studio Version 17
VisualStudioVersion = 17.9.34622.214
MinimumVisualStudioVersion = 10.0.40219.1
Project("{FAE04EC0-301F-11D3-BF4B-00C04F79EFBC}") = "operatory 5.8-5.16", "operatory 5.8-5.16\operatory 5.8-5.16.csproj", "{3C92E8B0-29FB-4566-AA24-0C25B03E27C3}"
EndProject
Global
	GlobalSection(SolutionConfigurationPlatforms) = preSolution
		Debug|Any CPU = Debug|Any CPU
		Release|Any CPU = Release|Any CPU
	EndGlobalSection
	GlobalSection(ProjectConfigurationPlatforms) = postSolution
		{3C92E8B0-29FB-4566-AA24-0C25B03E27C3}.Debug|Any CPU.ActiveCfg = Debug|Any CPU
		{3C92E8B0-29FB-4566-AA24-0C25B03E27C3}.Debug|Any CPU.Build.0 = Debug|Any CPU
		{3C92E8B0-29FB-4566-AA24-0C25B03E27C3}.Release|Any CPU.ActiveCfg = Release|Any CPU
		{3C92E8B0-29FB-4566-AA24-0C25B03E27C3}.Release|Any CPU.Build.0 = Release|Any CPU
	EndGlobalSection
	GlobalSection(SolutionProperties) = preSolution
		HideSolutionNode = FALSE
	EndGlobalSection
	GlobalSection(ExtensibilityGlobals) = postSolution
		SolutionGuid = {9E1D935E-9F2E-48F0-82B5-4C0D63EAD461}
	EndGlobalSection
EndGlobal
